
Microsoft Visual Studio Solution File, Format Version 12.00
# Visual Studio Version 17
VisualStudioVersion = 17.1.32210.238
MinimumVisualStudioVersion = 10.0.40219.1
Project("{FAE04EC0-301F-11D3-BF4B-00C04F79EFBC}") = "KlasaArrilist", "KlasaArrilist\KlasaArrilist.csproj", "{406CFA6B-53ED-4F47-B33A-D79C7884AF19}"
EndProject
Global
	GlobalSection(SolutionConfigurationPlatforms) = preSolution
		Debug|Any CPU = Debug|Any CPU
		Release|Any CPU = Release|Any CPU
	EndGlobalSection
	GlobalSection(ProjectConfigurationPlatforms) = postSolution
		{406CFA6B-53ED-4F47-B33A-D79C7884AF19}.Debug|Any CPU.ActiveCfg = Debug|Any CPU
		{406CFA6B-53ED-4F47-B33A-D79C7884AF19}.Debug|Any CPU.Build.0 = Debug|Any CPU
		{406CFA6B-53ED-4F47-B33A-D79C7884AF19}.Release|Any CPU.ActiveCfg = Release|Any CPU
		{406CFA6B-53ED-4F47-B33A-D79C7884AF19}.Release|Any CPU.Build.0 = Release|Any CPU
	EndGlobalSection
	GlobalSection(SolutionProperties) = preSolution
		HideSolutionNode = FALSE
	EndGlobalSection
	GlobalSection(ExtensibilityGlobals) = postSolution
		SolutionGuid = {A4456796-9922-46CC-896C-E77C0F58B2A3}
	EndGlobalSection
EndGlobal
